# This file is automatically @generated by Cargo.
# It is not intended for manual editing.
version = 3

[[package]]
name = "bit_field"
version = "0.9.0"
source = "registry+https://github.com/rust-lang/crates.io-index"
checksum = "ed8765909f9009617974ab6b7d332625b320b33c326b1e9321382ef1999b5d56"

[[package]]
name = "bitflags"
version = "1.2.1"
source = "registry+https://github.com/rust-lang/crates.io-index"
checksum = "cf1de2fe8c75bc145a2f577add951f8134889b4795d47466a54a5c846d691693"

[[package]]
name = "boot"
version = "0.1.0"
dependencies = [
 "bootloader-locator",
 "locate-cargo-manifest",
]

[[package]]
name = "bootloader"
version = "0.10.6"
source = "registry+https://github.com/rust-lang/crates.io-index"
checksum = "8d14f17b82e24a31d32e9b05b2f2e6144bab94086ef636770f2bb2d96adf9f77"

[[package]]
name = "bootloader-locator"
version = "0.0.4"
source = "registry+https://github.com/rust-lang/crates.io-index"
checksum = "aaaa9db3339d32c2622f2e5d0731eb82a468d3439797c9d4fe426744fe2bd551"
dependencies = [
 "json",
]

[[package]]
name = "font8x8"
version = "0.2.7"
source = "registry+https://github.com/rust-lang/crates.io-index"
checksum = "e63201c624b8c8883921b1a1accc8916c4fa9dbfb15d122b26e4dde945b86bbf"

[[package]]
name = "json"
version = "0.12.4"
source = "registry+https://github.com/rust-lang/crates.io-index"
checksum = "078e285eafdfb6c4b434e0d31e8cfcb5115b651496faca5749b88fafd4f23bfd"

[[package]]
name = "lazy_static"
version = "1.4.0"
source = "registry+https://github.com/rust-lang/crates.io-index"
checksum = "e2abad23fbc42b3700f2f279844dc832adb2b2eb069b2df918f455c4e18cc646"
dependencies = [
 "spin",
]

[[package]]
name = "locate-cargo-manifest"
version = "0.2.2"
source = "registry+https://github.com/rust-lang/crates.io-index"
checksum = "db985b63431fe09e8d71f50aeceffcc31e720cb86be8dad2f38d084c5a328466"
dependencies = [
 "json",
]

[[package]]
name = "pic8259"
version = "0.10.1"
source = "registry+https://github.com/rust-lang/crates.io-index"
checksum = "08cc920d83ee33c0f9b73aa441e75468bf2d10c959a3eb6260cf720b05ac91a1"
dependencies = [
 "x86_64",
]

[[package]]
name = "snakeos"
version = "0.1.0"
dependencies = [
 "bootloader",
 "font8x8",
 "lazy_static",
 "pic8259",
 "spin",
 "uart_16550",
 "volatile 0.2.7",
 "x86_64",
]

[[package]]
name = "spin"
version = "0.5.2"
source = "registry+https://github.com/rust-lang/crates.io-index"
checksum = "6e63cff320ae2c57904679ba7cb63280a3dc4613885beafb148ee7bf9aa9042d"

[[package]]
name = "uart_16550"
version = "0.2.15"
source = "registry+https://github.com/rust-lang/crates.io-index"
checksum = "65ad019480ef5ff8ffe66d6f6a259cd87cf317649481394981db1739d844f374"
dependencies = [
 "bitflags",
 "x86_64",
]

[[package]]
name = "volatile"
version = "0.2.7"
source = "registry+https://github.com/rust-lang/crates.io-index"
checksum = "f6b06ad3ed06fef1713569d547cdbdb439eafed76341820fb0e0344f29a41945"

[[package]]
name = "volatile"
version = "0.4.4"
source = "registry+https://github.com/rust-lang/crates.io-index"
checksum = "e4c2dbd44eb8b53973357e6e207e370f0c1059990df850aca1eca8947cf464f0"

[[package]]
name = "x86_64"
version = "0.14.4"
source = "registry+https://github.com/rust-lang/crates.io-index"
checksum = "d95947de37ad0d2d9a4a4dd22e0d042e034e5cbd7ab53edbca0d8035e0a6a64d"
dependencies = [
 "bit_field",
 "bitflags",
 "volatile 0.4.4",
]
